# This file is autogenerated, do not edit; changes may be undone by the next 'dep ensure'.


[[projects]]
  name = "github.com/go-redis/redis"
  packages = [
    ".",
    "internal",
    "internal/consistenthash",
    "internal/hashtag",
    "internal/pool",
    "internal/proto",
    "internal/singleflight"
  ]
  revision = "fa7f64f7f27348658ecfa71dd71dfb2d112e2f86"
  version = "v6.9.0"

[solve-meta]
  analyzer-name = "dep"
  analyzer-version = 1
  inputs-digest = "5f0e70f9d6a63cbfdf6598c39c7dcd9f0c903b0bfa218d71729714f8e52928e1"
  solver-name = "gps-cdcl"
  solver-version = 1
